
Microsoft Visual Studio Solution File, Format Version 12.00
# Visual Studio Version 16
VisualStudioVersion = 16.0.29403.142
MinimumVisualStudioVersion = 10.0.40219.1
Project("{9A19103F-16F7-4668-BE54-9A1E7A4F7556}") = "TelegramBotConsole", "TelegramBotConsole\TelegramBotConsole.csproj", "{C04D5071-0E24-4764-B3EF-D1D887E2D207}"
EndProject
Project("{9A19103F-16F7-4668-BE54-9A1E7A4F7556}") = "TelegramTranslateBotMVC", "TelegramTranlsateBotMVC\TelegramTranslateBotMVC.csproj", "{B0532D7A-9F0B-47FD-B811-36A7E0A9FF2D}"
EndProject
Global
	GlobalSection(SolutionConfigurationPlatforms) = preSolution
		Debug|Any CPU = Debug|Any CPU
		Release|Any CPU = Release|Any CPU
	EndGlobalSection
	GlobalSection(ProjectConfigurationPlatforms) = postSolution
		{C04D5071-0E24-4764-B3EF-D1D887E2D207}.Debug|Any CPU.ActiveCfg = Debug|Any CPU
		{C04D5071-0E24-4764-B3EF-D1D887E2D207}.Debug|Any CPU.Build.0 = Debug|Any CPU
		{C04D5071-0E24-4764-B3EF-D1D887E2D207}.Release|Any CPU.ActiveCfg = Debug|Any CPU
		{C04D5071-0E24-4764-B3EF-D1D887E2D207}.Release|Any CPU.Build.0 = Debug|Any CPU
		{B0532D7A-9F0B-47FD-B811-36A7E0A9FF2D}.Debug|Any CPU.ActiveCfg = Debug|Any CPU
		{B0532D7A-9F0B-47FD-B811-36A7E0A9FF2D}.Debug|Any CPU.Build.0 = Debug|Any CPU
		{B0532D7A-9F0B-47FD-B811-36A7E0A9FF2D}.Release|Any CPU.ActiveCfg = Debug|Any CPU
		{B0532D7A-9F0B-47FD-B811-36A7E0A9FF2D}.Release|Any CPU.Build.0 = Debug|Any CPU
	EndGlobalSection
	GlobalSection(SolutionProperties) = preSolution
		HideSolutionNode = FALSE
	EndGlobalSection
	GlobalSection(ExtensibilityGlobals) = postSolution
		SolutionGuid = {A15DC0A5-F451-4085-A527-613D5CA70C3F}
	EndGlobalSection
EndGlobal
